{
    "exsyst/swagger": {
        "version": "v0.4.2"
    },
    "nelmio/api-doc-bundle": {
        "version": "3.0",
        "recipe": {
            "repo": "github.com/symfony/recipes-contrib",
            "branch": "master",
            "version": "3.0",
            "ref": "c8e0c38e1a280ab9e37587a8fa32b251d5bc1c94"
        },
        "files": [
            "config/packages/nelmio_api_doc.yaml",
            "config/routes/nelmio_api_doc.yaml"
        ]
    },
    "symfony/options-resolver": {
        "version": "v5.3.0"
    },
    "zircote/swagger-php": {
        "version": "2.1.0"
    }
}
